
Microsoft Visual Studio Solution File, Format Version 12.00
# Visual Studio 15
VisualStudioVersion = 15.0.28307.106
MinimumVisualStudioVersion = 10.0.40219.1
Project("{FAE04EC0-301F-11D3-BF4B-00C04F79EFBC}") = "RunnersTeamSite", "RunnersTeamSite\RunnersTeamSite.csproj", "{02AFBED6-1EBA-41F4-9B51-19F3BCB65E83}"
EndProject
Global
	GlobalSection(SolutionConfigurationPlatforms) = preSolution
		Debug|Any CPU = Debug|Any CPU
		Release|Any CPU = Release|Any CPU
	EndGlobalSection
	GlobalSection(ProjectConfigurationPlatforms) = postSolution
		{02AFBED6-1EBA-41F4-9B51-19F3BCB65E83}.Debug|Any CPU.ActiveCfg = Debug|Any CPU
		{02AFBED6-1EBA-41F4-9B51-19F3BCB65E83}.Debug|Any CPU.Build.0 = Debug|Any CPU
		{02AFBED6-1EBA-41F4-9B51-19F3BCB65E83}.Release|Any CPU.ActiveCfg = Release|Any CPU
		{02AFBED6-1EBA-41F4-9B51-19F3BCB65E83}.Release|Any CPU.Build.0 = Release|Any CPU
	EndGlobalSection
	GlobalSection(SolutionProperties) = preSolution
		HideSolutionNode = FALSE
	EndGlobalSection
	GlobalSection(ExtensibilityGlobals) = postSolution
		SolutionGuid = {94FB3354-0093-4211-8485-D430DB7BB183}
	EndGlobalSection
EndGlobal
